
Microsoft Visual Studio Solution File, Format Version 12.00
Project("{FAE04EC0-301F-11D3-BF4B-00C04F79EFBC}") = "learn", "learn\learn.csproj", "{709EB930-069C-4A11-AB2B-E90490413822}"
EndProject
Global
	GlobalSection(SolutionConfigurationPlatforms) = preSolution
		Debug|Any CPU = Debug|Any CPU
		Release|Any CPU = Release|Any CPU
	EndGlobalSection
	GlobalSection(ProjectConfigurationPlatforms) = postSolution
		{709EB930-069C-4A11-AB2B-E90490413822}.Debug|Any CPU.ActiveCfg = Debug|Any CPU
		{709EB930-069C-4A11-AB2B-E90490413822}.Debug|Any CPU.Build.0 = Debug|Any CPU
		{709EB930-069C-4A11-AB2B-E90490413822}.Release|Any CPU.ActiveCfg = Release|Any CPU
		{709EB930-069C-4A11-AB2B-E90490413822}.Release|Any CPU.Build.0 = Release|Any CPU
	EndGlobalSection
EndGlobal
